{
  "object": {
    "pins": [
      {
        "package": "LibreDirectLibrary",
        "repositoryURL": "https://github.com/creepymonster/LibreDirectLibrary",
        "state": {
          "branch": null,
          "revision": "19a789e31f5f8e819a5d4fe6d1a74f52acee9073",
          "version": "0.1.0"
        }
      }
    ]
  },
  "version": 1
}
