{
  "object": {
    "pins": [
      {
        "package": "LibreDirectLibrary",
        "repositoryURL": "https://github.com/creepymonster/LibreDirectLibrary",
        "state": {
          "branch": null,
          "revision": "dffd49a7868561a97b8d05a069402c9580ef5556",
          "version": "0.2.0"
        }
      }
    ]
  },
  "version": 1
}
